// !$*UTF8*$!
{
	archiveVersion = 1;
	classes = {
	};
	objectVersion = 56;
	objects = {

/* Begin PBXBuildFile section */
		F9A149A52C8E13FC00A7B015 /* Networking.swift in Sources */ = {isa = PBXBuildFile; fileRef = F9A149A42C8E13FC00A7B015 /* Networking.swift */; };
		F9A149AF2C8E141C00A7B015 /* NetworkingDependency.swift in Sources */ = {isa = PBXBuildFile; fileRef = F9A149AE2C8E141C00A7B015 /* NetworkingDependency.swift */; };
		F9A149BB2C8E146700A7B015 /* libLogger.a in Frameworks */ = {isa = PBXBuildFile; fileRef = F9A149BA2C8E146300A7B015 /* libLogger.a */; };
		F9A149BF2C8E14F700A7B015 /* NetworkService.swift in Sources */ = {isa = PBXBuildFile; fileRef = F9A149BE2C8E14F700A7B015 /* NetworkService.swift */; };
/* End PBXBuildFile section */

/* Begin PBXContainerItemProxy section */
		F9A149B92C8E146300A7B015 /* PBXContainerItemProxy */ = {
			isa = PBXContainerItemProxy;
			containerPortal = F9A149B52C8E146300A7B015 /* Logger.xcodeproj */;
			proxyType = 2;
			remoteGlobalIDString = F9A149632C8DF1D100A7B015;
			remoteInfo = Logger;
		};
/* End PBXContainerItemProxy section */

/* Begin PBXCopyFilesBuildPhase section */
		F9A1499F2C8E13FC00A7B015 /* CopyFiles */ = {
			isa = PBXCopyFilesBuildPhase;
			buildActionMask = 2147483647;
			dstPath = "include/$(PRODUCT_NAME)";
			dstSubfolderSpec = 16;
			files = (
			);
			runOnlyForDeploymentPostprocessing = 0;
		};
/* End PBXCopyFilesBuildPhase section */

/* Begin PBXFileReference section */
		F9A149A12C8E13FC00A7B015 /* libNetworking.a */ = {isa = PBXFileReference; explicitFileType = archive.ar; includeInIndex = 0; path = libNetworking.a; sourceTree = BUILT_PRODUCTS_DIR; };
		F9A149A42C8E13FC00A7B015 /* Networking.swift */ = {isa = PBXFileReference; lastKnownFileType = sourcecode.swift; path = Networking.swift; sourceTree = "<group>"; };
		F9A149AE2C8E141C00A7B015 /* NetworkingDependency.swift */ = {isa = PBXFileReference; lastKnownFileType = sourcecode.swift; path = NetworkingDependency.swift; sourceTree = "<group>"; };
		F9A149B12C8E143C00A7B015 /* libLogger.a */ = {isa = PBXFileReference; explicitFileType = archive.ar; path = libLogger.a; sourceTree = BUILT_PRODUCTS_DIR; };
		F9A149B32C8E144300A7B015 /* libLogger.a */ = {isa = PBXFileReference; explicitFileType = archive.ar; path = libLogger.a; sourceTree = BUILT_PRODUCTS_DIR; };
		F9A149B52C8E146300A7B015 /* Logger.xcodeproj */ = {isa = PBXFileReference; lastKnownFileType = "wrapper.pb-project"; name = Logger.xcodeproj; path = ../Logger/Logger.xcodeproj; sourceTree = "<group>"; };
		F9A149BE2C8E14F700A7B015 /* NetworkService.swift */ = {isa = PBXFileReference; lastKnownFileType = sourcecode.swift; path = NetworkService.swift; sourceTree = "<group>"; };
/* End PBXFileReference section */

/* Begin PBXFrameworksBuildPhase section */
		F9A1499E2C8E13FC00A7B015 /* Frameworks */ = {
			isa = PBXFrameworksBuildPhase;
			buildActionMask = 2147483647;
			files = (
				F9A149BB2C8E146700A7B015 /* libLogger.a in Frameworks */,
			);
			runOnlyForDeploymentPostprocessing = 0;
		};
/* End PBXFrameworksBuildPhase section */

/* Begin PBXGroup section */
		F9A149982C8E13FC00A7B015 = {
			isa = PBXGroup;
			children = (
				F9A149A32C8E13FC00A7B015 /* Networking */,
				F9A149A22C8E13FC00A7B015 /* Products */,
				F9A149B02C8E143C00A7B015 /* Frameworks */,
			);
			sourceTree = "<group>";
		};
		F9A149A22C8E13FC00A7B015 /* Products */ = {
			isa = PBXGroup;
			children = (
				F9A149A12C8E13FC00A7B015 /* libNetworking.a */,
			);
			name = Products;
			sourceTree = "<group>";
		};
		F9A149A32C8E13FC00A7B015 /* Networking */ = {
			isa = PBXGroup;
			children = (
				F9A149A42C8E13FC00A7B015 /* Networking.swift */,
				F9A149BE2C8E14F700A7B015 /* NetworkService.swift */,
				F9A149AE2C8E141C00A7B015 /* NetworkingDependency.swift */,
			);
			path = Networking;
			sourceTree = "<group>";
		};
		F9A149B02C8E143C00A7B015 /* Frameworks */ = {
			isa = PBXGroup;
			children = (
				F9A149B52C8E146300A7B015 /* Logger.xcodeproj */,
				F9A149B32C8E144300A7B015 /* libLogger.a */,
				F9A149B12C8E143C00A7B015 /* libLogger.a */,
			);
			name = Frameworks;
			sourceTree = "<group>";
		};
		F9A149B62C8E146300A7B015 /* Products */ = {
			isa = PBXGroup;
			children = (
				F9A149BA2C8E146300A7B015 /* libLogger.a */,
			);
			name = Products;
			sourceTree = "<group>";
		};
/* End PBXGroup section */

/* Begin PBXNativeTarget section */
		F9A149A02C8E13FC00A7B015 /* Networking */ = {
			isa = PBXNativeTarget;
			buildConfigurationList = F9A149A82C8E13FC00A7B015 /* Build configuration list for PBXNativeTarget "Networking" */;
			buildPhases = (
				F9A1499D2C8E13FC00A7B015 /* Sources */,
				F9A1499E2C8E13FC00A7B015 /* Frameworks */,
				F9A1499F2C8E13FC00A7B015 /* CopyFiles */,
			);
			buildRules = (
			);
			dependencies = (
			);
			name = Networking;
			packageProductDependencies = (
			);
			productName = Networking;
			productReference = F9A149A12C8E13FC00A7B015 /* libNetworking.a */;
			productType = "com.apple.product-type.library.static";
		};
/* End PBXNativeTarget section */

/* Begin PBXProject section */
		F9A149992C8E13FC00A7B015 /* Project object */ = {
			isa = PBXProject;
			attributes = {
				BuildIndependentTargetsInParallel = 1;
				LastSwiftUpdateCheck = 1540;
				LastUpgradeCheck = 1540;
				TargetAttributes = {
					F9A149A02C8E13FC00A7B015 = {
						CreatedOnToolsVersion = 15.4;
					};
				};
			};
			buildConfigurationList = F9A1499C2C8E13FC00A7B015 /* Build configuration list for PBXProject "Networking" */;
			compatibilityVersion = "Xcode 14.0";
			developmentRegion = en;
			hasScannedForEncodings = 0;
			knownRegions = (
				en,
				Base,
			);
			mainGroup = F9A149982C8E13FC00A7B015;
			packageReferences = (
			);
			productRefGroup = F9A149A22C8E13FC00A7B015 /* Products */;
			projectDirPath = "";
			projectReferences = (
				{
					ProductGroup = F9A149B62C8E146300A7B015 /* Products */;
					ProjectRef = F9A149B52C8E146300A7B015 /* Logger.xcodeproj */;
				},
			);
			projectRoot = "";
			targets = (
				F9A149A02C8E13FC00A7B015 /* Networking */,
			);
		};
/* End PBXProject section */

/* Begin PBXReferenceProxy section */
		F9A149BA2C8E146300A7B015 /* libLogger.a */ = {
			isa = PBXReferenceProxy;
			fileType = archive.ar;
			path = libLogger.a;
			remoteRef = F9A149B92C8E146300A7B015 /* PBXContainerItemProxy */;
			sourceTree = BUILT_PRODUCTS_DIR;
		};
/* End PBXReferenceProxy section */

/* Begin PBXSourcesBuildPhase section */
		F9A1499D2C8E13FC00A7B015 /* Sources */ = {
			isa = PBXSourcesBuildPhase;
			buildActionMask = 2147483647;
			files = (
				F9A149AF2C8E141C00A7B015 /* NetworkingDependency.swift in Sources */,
				F9A149BF2C8E14F700A7B015 /* NetworkService.swift in Sources */,
				F9A149A52C8E13FC00A7B015 /* Networking.swift in Sources */,
			);
			runOnlyForDeploymentPostprocessing = 0;
		};
/* End PBXSourcesBuildPhase section */

/* Begin XCBuildConfiguration section */
		F9A149A62C8E13FC00A7B015 /* Debug */ = {
			isa = XCBuildConfiguration;
			buildSettings = {
				ALWAYS_SEARCH_USER_PATHS = NO;
				ASSETCATALOG_COMPILER_GENERATE_SWIFT_ASSET_SYMBOL_EXTENSIONS = YES;
				CLANG_ANALYZER_NONNULL = YES;
				CLANG_ANALYZER_NUMBER_OBJECT_CONVERSION = YES_AGGRESSIVE;
				CLANG_CXX_LANGUAGE_STANDARD = "gnu++20";
				CLANG_ENABLE_MODULES = YES;
				CLANG_ENABLE_OBJC_ARC = YES;
				CLANG_ENABLE_OBJC_WEAK = YES;
				CLANG_WARN_BLOCK_CAPTURE_AUTORELEASING = YES;
				CLANG_WARN_BOOL_CONVERSION = YES;
				CLANG_WARN_COMMA = YES;
				CLANG_WARN_CONSTANT_CONVERSION = YES;
				CLANG_WARN_DEPRECATED_OBJC_IMPLEMENTATIONS = YES;
				CLANG_WARN_DIRECT_OBJC_ISA_USAGE = YES_ERROR;
				CLANG_WARN_DOCUMENTATION_COMMENTS = YES;
				CLANG_WARN_EMPTY_BODY = YES;
				CLANG_WARN_ENUM_CONVERSION = YES;
				CLANG_WARN_INFINITE_RECURSION = YES;
				CLANG_WARN_INT_CONVERSION = YES;
				CLANG_WARN_NON_LITERAL_NULL_CONVERSION = YES;
				CLANG_WARN_OBJC_IMPLICIT_RETAIN_SELF = YES;
				CLANG_WARN_OBJC_LITERAL_CONVERSION = YES;
				CLANG_WARN_OBJC_ROOT_CLASS = YES_ERROR;
				CLANG_WARN_QUOTED_INCLUDE_IN_FRAMEWORK_HEADER = YES;
				CLANG_WARN_RANGE_LOOP_ANALYSIS = YES;
				CLANG_WARN_STRICT_PROTOTYPES = YES;
				CLANG_WARN_SUSPICIOUS_MOVE = YES;
				CLANG_WARN_UNGUARDED_AVAILABILITY = YES_AGGRESSIVE;
				CLANG_WARN_UNREACHABLE_CODE = YES;
				CLANG_WARN__DUPLICATE_METHOD_MATCH = YES;
				COPY_PHASE_STRIP = NO;
				DEBUG_INFORMATION_FORMAT = dwarf;
				ENABLE_STRICT_OBJC_MSGSEND = YES;
				ENABLE_TESTABILITY = YES;
				ENABLE_USER_SCRIPT_SANDBOXING = YES;
				GCC_C_LANGUAGE_STANDARD = gnu17;
				GCC_DYNAMIC_NO_PIC = NO;
				GCC_NO_COMMON_BLOCKS = YES;
				GCC_OPTIMIZATION_LEVEL = 0;
				GCC_PREPROCESSOR_DEFINITIONS = (
					"DEBUG=1",
					"$(inherited)",
				);
				GCC_WARN_64_TO_32_BIT_CONVERSION = YES;
				GCC_WARN_ABOUT_RETURN_TYPE = YES_ERROR;
				GCC_WARN_UNDECLARED_SELECTOR = YES;
				GCC_WARN_UNINITIALIZED_AUTOS = YES_AGGRESSIVE;
				GCC_WARN_UNUSED_FUNCTION = YES;
				GCC_WARN_UNUSED_VARIABLE = YES;
				IPHONEOS_DEPLOYMENT_TARGET = 17.5;
				LOCALIZATION_PREFERS_STRING_CATALOGS = YES;
				MTL_ENABLE_DEBUG_INFO = INCLUDE_SOURCE;
				MTL_FAST_MATH = YES;
				ONLY_ACTIVE_ARCH = YES;
				SDKROOT = iphoneos;
				SWIFT_ACTIVE_COMPILATION_CONDITIONS = "DEBUG $(inherited)";
				SWIFT_OPTIMIZATION_LEVEL = "-Onone";
			};
			name = Debug;
		};
		F9A149A72C8E13FC00A7B015 /* Release */ = {
			isa = XCBuildConfiguration;
			buildSettings = {
				ALWAYS_SEARCH_USER_PATHS = NO;
				ASSETCATALOG_COMPILER_GENERATE_SWIFT_ASSET_SYMBOL_EXTENSIONS = YES;
				CLANG_ANALYZER_NONNULL = YES;
				CLANG_ANALYZER_NUMBER_OBJECT_CONVERSION = YES_AGGRESSIVE;
				CLANG_CXX_LANGUAGE_STANDARD = "gnu++20";
				CLANG_ENABLE_MODULES = YES;
				CLANG_ENABLE_OBJC_ARC = YES;
				CLANG_ENABLE_OBJC_WEAK = YES;
				CLANG_WARN_BLOCK_CAPTURE_AUTORELEASING = YES;
				CLANG_WARN_BOOL_CONVERSION = YES;
				CLANG_WARN_COMMA = YES;
				CLANG_WARN_CONSTANT_CONVERSION = YES;
				CLANG_WARN_DEPRECATED_OBJC_IMPLEMENTATIONS = YES;
				CLANG_WARN_DIRECT_OBJC_ISA_USAGE = YES_ERROR;
				CLANG_WARN_DOCUMENTATION_COMMENTS = YES;
				CLANG_WARN_EMPTY_BODY = YES;
				CLANG_WARN_ENUM_CONVERSION = YES;
				CLANG_WARN_INFINITE_RECURSION = YES;
				CLANG_WARN_INT_CONVERSION = YES;
				CLANG_WARN_NON_LITERAL_NULL_CONVERSION = YES;
				CLANG_WARN_OBJC_IMPLICIT_RETAIN_SELF = YES;
				CLANG_WARN_OBJC_LITERAL_CONVERSION = YES;
				CLANG_WARN_OBJC_ROOT_CLASS = YES_ERROR;
				CLANG_WARN_QUOTED_INCLUDE_IN_FRAMEWORK_HEADER = YES;
				CLANG_WARN_RANGE_LOOP_ANALYSIS = YES;
				CLANG_WARN_STRICT_PROTOTYPES = YES;
				CLANG_WARN_SUSPICIOUS_MOVE = YES;
				CLANG_WARN_UNGUARDED_AVAILABILITY = YES_AGGRESSIVE;
				CLANG_WARN_UNREACHABLE_CODE = YES;
				CLANG_WARN__DUPLICATE_METHOD_MATCH = YES;
				COPY_PHASE_STRIP = NO;
				DEBUG_INFORMATION_FORMAT = "dwarf-with-dsym";
				ENABLE_NS_ASSERTIONS = NO;
				ENABLE_STRICT_OBJC_MSGSEND = YES;
				ENABLE_USER_SCRIPT_SANDBOXING = YES;
				GCC_C_LANGUAGE_STANDARD = gnu17;
				GCC_NO_COMMON_BLOCKS = YES;
				GCC_WARN_64_TO_32_BIT_CONVERSION = YES;
				GCC_WARN_ABOUT_RETURN_TYPE = YES_ERROR;
				GCC_WARN_UNDECLARED_SELECTOR = YES;
				GCC_WARN_UNINITIALIZED_AUTOS = YES_AGGRESSIVE;
				GCC_WARN_UNUSED_FUNCTION = YES;
				GCC_WARN_UNUSED_VARIABLE = YES;
				IPHONEOS_DEPLOYMENT_TARGET = 17.5;
				LOCALIZATION_PREFERS_STRING_CATALOGS = YES;
				MTL_ENABLE_DEBUG_INFO = NO;
				MTL_FAST_MATH = YES;
				SDKROOT = iphoneos;
				SWIFT_COMPILATION_MODE = wholemodule;
				VALIDATE_PRODUCT = YES;
			};
			name = Release;
		};
		F9A149A92C8E13FC00A7B015 /* Debug */ = {
			isa = XCBuildConfiguration;
			buildSettings = {
				CODE_SIGN_STYLE = Automatic;
				DEVELOPMENT_TEAM = 4YL8LS5ZJC;
				OTHER_LDFLAGS = "-ObjC";
				PRODUCT_NAME = "$(TARGET_NAME)";
				SKIP_INSTALL = YES;
				SWIFT_VERSION = 5.0;
				TARGETED_DEVICE_FAMILY = "1,2";
			};
			name = Debug;
		};
		F9A149AA2C8E13FC00A7B015 /* Release */ = {
			isa = XCBuildConfiguration;
			buildSettings = {
				CODE_SIGN_STYLE = Automatic;
				DEVELOPMENT_TEAM = 4YL8LS5ZJC;
				OTHER_LDFLAGS = "-ObjC";
				PRODUCT_NAME = "$(TARGET_NAME)";
				SKIP_INSTALL = YES;
				SWIFT_VERSION = 5.0;
				TARGETED_DEVICE_FAMILY = "1,2";
			};
			name = Release;
		};
/* End XCBuildConfiguration section */

/* Begin XCConfigurationList section */
		F9A1499C2C8E13FC00A7B015 /* Build configuration list for PBXProject "Networking" */ = {
			isa = XCConfigurationList;
			buildConfigurations = (
				F9A149A62C8E13FC00A7B015 /* Debug */,
				F9A149A72C8E13FC00A7B015 /* Release */,
			);
			defaultConfigurationIsVisible = 0;
			defaultConfigurationName = Release;
		};
		F9A149A82C8E13FC00A7B015 /* Build configuration list for PBXNativeTarget "Networking" */ = {
			isa = XCConfigurationList;
			buildConfigurations = (
				F9A149A92C8E13FC00A7B015 /* Debug */,
				F9A149AA2C8E13FC00A7B015 /* Release */,
			);
			defaultConfigurationIsVisible = 0;
			defaultConfigurationName = Release;
		};
/* End XCConfigurationList section */
	};
	rootObject = F9A149992C8E13FC00A7B015 /* Project object */;
}
